lockfileVersion: '9.0'

settings:
  autoInstallPeers: true
  excludeLinksFromLockfile: false

importers:

  .:
    devDependencies:
      '@eslint/js':
        specifier: ^9.39.1
        version: 9.39.1
      '@types/node':
        specifier: ^24.10.1
        version: 24.10.1
      eslint:
        specifier: ^9.39.1
        version: 9.39.1
      globals:
        specifier: ^16.5.0
        version: 16.5.0
      prettier:
        specifier: ^3.6.2
        version: 3.6.2
      tsx:
        specifier: ^4.20.6
        version: 4.20.6
      typescript:
        specifier: ^5.9.3
        version: 5.9.3
      typescript-eslint:
        specifier: ^8.46.3
        version: 8.46.3
      vite:
        specifier: ^7.2.2
        version: 7.2.2
      vitest:
        specifier: ^4.0.8
        version: 4.0.8

  apps/api: {}

  apps/web: {}

  packages/database: {}

  packages/domain: {}

  packages/shared: {}
